# This file is autogenerated, do not edit; changes may be undone by the next 'dep ensure'.


[[projects]]
  digest = "1:3d3a509c5ba327e8573bb57f9da8430c63a46a06886eb1d2ffc8af4e76f31c72"
  name = "cloud.google.com/go"
  packages = ["civil"]
  pruneopts = "UT"
  revision = "775730d6e48254a2430366162cf6298e5368833c"
  version = "v0.39.0"

[[projects]]
  digest = "1:ffe9824d294da03b391f44e1ae8281281b4afc1bdaa9588c9097785e3af10cec"
  name = "github.com/davecgh/go-spew"
  packages = ["spew"]
  pruneopts = "UT"
  revision = "8991bc29aa16c548c550c7ff78260e27b9ab7c73"
  version = "v1.1.1"

[[projects]]
  branch = "master"
  digest = "1:2e702b60af5efe4b3b0e3b40fddfb6beba6adca1e0a7ccd25cc5c21b5e7df9ef"
  name = "github.com/denisenkom/go-mssqldb"
  packages = [
    ".",
    "internal/cp",
  ]
  pruneopts = "UT"
  revision = "eb9f6a1743f30383c8168cc520ca5db1f744d6f4"

[[projects]]
  digest = "1:217f778e19b8d206112c21d21a7cc72ca3cb493b67631680a2324bc50335d432"
  name = "github.com/dgrijalva/jwt-go"
  packages = ["."]
  pruneopts = "UT"
  revision = "dbeaa9332f19a944acb5736b4456cfcc02140e29"
  version = "v3.1.0"

[[projects]]
  branch = "master"
  digest = "1:c3350d654d335f3bd199e44805f79da6d5a29b254a3457b83ac399210824c89b"
  name = "github.com/erikstmartin/go-testdb"
  packages = ["."]
  pruneopts = "UT"
  revision = "8d10e4a1bae52cd8b81ffdec3445890d6dccab3d"

[[projects]]
  digest = "1:af43bdaaf86655a2343f113e9b293bbc16b12099eaeb223982bbe4d4c22ba14d"
  name = "github.com/fatih/structs"
  packages = ["."]
  pruneopts = "UT"
  revision = "4966fc68f5b7593aafa6cbbba2d65ec6e1416047"
  version = "v1.1.0"

[[projects]]
  digest = "1:36fe9527deed01d2a317617e59304eb2c4ce9f8a24115bcc5c2e37b3aee5bae4"
  name = "github.com/gin-contrib/sse"
  packages = ["."]
  pruneopts = "UT"
  revision = "22d885f9ecc78bf4ee5d72b937e4bbcdc58e8cae"

[[projects]]
  digest = "1:489e108f21464371ebf9cb5c30b1eceb07c6dd772dff073919267493dd9d04ea"
  name = "github.com/gin-gonic/gin"
  packages = [
    ".",
    "binding",
    "render",
  ]
  pruneopts = "UT"
  revision = "d459835d2b077e44f7c9b453505ee29881d5d12d"
  version = "v1.2"

[[projects]]
  digest = "1:29c9c5f1f88ef7569d4af26f970cc09370cb1efe60042e2e84aeede4f258f799"
  name = "github.com/go-redis/redis"
  packages = [
    ".",
    "internal",
    "internal/consistenthash",
    "internal/hashtag",
    "internal/pool",
    "internal/proto",
  ]
  pruneopts = "UT"
  revision = "9c885d5ba8a22f260badcffde1649915fbeebfc0"
  version = "v6.7.5"

[[projects]]
  digest = "1:45ff1c26c1bf5b1d56db009b604dc6c5aeba74ca5508c0429465452e6b5551e4"
  name = "github.com/go-sql-driver/mysql"
  packages = ["."]
  pruneopts = "UT"
  revision = "bc14601d1bd56421dd60f561e6052c9ed77f9daf"

[[projects]]
  branch = "master"
  digest = "1:1ba1d79f2810270045c328ae5d674321db34e3aae468eb4233883b473c5c0467"
  name = "github.com/golang/glog"
  packages = ["."]
  pruneopts = "UT"
  revision = "23def4e6c14b4da8ac2ed8007337bc5eb5007998"

[[projects]]
  digest = "1:9b0e71863f18fc5de645a263184c8a6409ae731e847b35b25da4be818f1975fa"
  name = "github.com/golang/protobuf"
  packages = ["proto"]
  pruneopts = "UT"
  revision = "17ce1425424ab154092bbb43af630bd647f3bb0d"

[[projects]]
  digest = "1:f9a5e090336881be43cfc1cf468330c1bdd60abdc9dd194e0b1ab69f4b94dd7c"
  name = "github.com/huandu/xstrings"
  packages = ["."]
  pruneopts = "UT"
  revision = "f02667b379e2fb5916c3cda2cf31e0eb885d79f8"
  version = "v1.2.0"

[[projects]]
  digest = "1:52885e16e8412eb69db7d8d4255cb3214b70ffaef144cad91e9737684f838936"
  name = "github.com/jinzhu/gorm"
  packages = [
    ".",
    "dialects/mssql",
    "dialects/mysql",
    "dialects/postgres",
    "dialects/sqlite",
  ]
  pruneopts = "UT"
  revision = "5174cc5c242a728b435ea2be8a2f7f998e15429b"
  version = "v1.0"

[[projects]]
  digest = "1:2cf1e05311b662e68d938f6655c6c5a44ae0e6b3995e390c75fcd8224afa48df"
  name = "github.com/jinzhu/inflection"
  packages = ["."]
  pruneopts = "UT"
  revision = "1c35d901db3da928c72a72d8458480cc9ade058f"

[[projects]]
  digest = "1:20bfc9287db8b7fb8f12d31468dab57187fd7e320e76d73d1865b7d1327e8424"
  name = "github.com/jinzhu/now"
  packages = ["."]
  pruneopts = "UT"
  revision = "8ec929ed50c3ac25ce77ba4486e1f277c552c591"
  version = "v1.0.0"

[[projects]]
  branch = "master"
  digest = "1:51bf3d96ec6564c569e8ac2c2f77787c6b724bd523912d44ea4529caaa834da4"
  name = "github.com/jirfag/go-queryset"
  packages = [
    "internal/parser",
    "internal/queryset/field",
    "internal/queryset/generator",
    "internal/queryset/generator/test",
    "internal/queryset/generator/test/pkgimport/forex/v1",
    "internal/queryset/generator/tmp",
    "internal/queryset/methods",
  ]
  pruneopts = "UT"
  revision = "bdffa8cdada06075358bf0b10d5b1159533b5217"

[[projects]]
  digest = "1:ca955a9cd5b50b0f43d2cc3aeb35c951473eeca41b34eb67507f1dbcc0542394"
  name = "github.com/kr/pretty"
  packages = ["."]
  pruneopts = "UT"
  revision = "73f6ac0b30a98e433b289500d779f50c1a6f0712"
  version = "v0.1.0"

[[projects]]
  digest = "1:15b5cc79aad436d47019f814fde81a10221c740dc8ddf769221a65097fb6c2e9"
  name = "github.com/kr/text"
  packages = ["."]
  pruneopts = "UT"
  revision = "e2ffdb16a802fe2bb95e2e35ff34f0e53aeef34f"
  version = "v0.1.0"

[[projects]]
  digest = "1:0e06e487551e2f9e0d6967a15c42223354e37c2e9869b301b14a42e4b51ea3e0"
  name = "github.com/lib/pq"
  packages = [
    ".",
    "hstore",
    "oid",
    "scram",
  ]
  pruneopts = "UT"
  revision = "bc6a3c0594130b1e34005880bc600b6d3f49fa7f"
  version = "v1.1.1"

[[projects]]
  digest = "1:fa610f9fe6a93f4a75e64c83673dfff9bf1a34bbb21e6102021b6bc7850834a3"
  name = "github.com/mattn/go-isatty"
  packages = ["."]
  pruneopts = "UT"
  revision = "fc9e8d8ef48496124e79ae0df75490096eccf6fe"
  version = "v0.0.2"

[[projects]]
  digest = "1:4a49346ca45376a2bba679ca0e83bec949d780d4e927931317904bad482943ec"
  name = "github.com/mattn/go-sqlite3"
  packages = ["."]
  pruneopts = "UT"
  revision = "c7c4067b79cc51e6dfdcef5c702e74b1e0fa7c75"
  version = "v1.10.0"

[[projects]]
  digest = "1:53bc4cd4914cd7cd52139990d5170d6dc99067ae31c56530621b18b35fc30318"
  name = "github.com/mitchellh/mapstructure"
  packages = ["."]
  pruneopts = "UT"
  revision = "3536a929edddb9a5b34bd6861dc4a9647cb459fe"
  version = "v1.1.2"

[[projects]]
  digest = "1:7aefb397a53fc437c90f0fdb3e1419c751c5a3a165ced52325d5d797edf1aca6"
  name = "github.com/moul/http2curl"
  packages = ["."]
  pruneopts = "UT"
  revision = "9ac6cf4d929b2fa8fd2d2e6dec5bb0feb4f4911d"
  version = "v1.0.0"

[[projects]]
  digest = "1:cf31692c14422fa27c83a05292eb5cbe0fb2775972e8f1f8446a71549bd8980b"
  name = "github.com/pkg/errors"
  packages = ["."]
  pruneopts = "UT"
  revision = "ba968bfe8b2f7e042a574c888954fccecfa385b4"
  version = "v0.8.1"

[[projects]]
  digest = "1:0028cb19b2e4c3112225cd871870f2d9cf49b9b4276531f03438a88e94be86fe"
  name = "github.com/pmezard/go-difflib"
  packages = ["difflib"]
  pruneopts = "UT"
  revision = "792786c7400a136282c1664665ae0a8db921c6c2"
  version = "v1.0.0"

[[projects]]
  digest = "1:ed615c5430ecabbb0fb7629a182da65ecee6523900ac1ac932520860878ffcad"
  name = "github.com/robfig/cron"
  packages = ["."]
  pruneopts = "UT"
  revision = "b41be1df696709bb6395fe435af20370037c0b4c"
  version = "v1.1"

[[projects]]
  digest = "1:34a99dd0852c5c9c16e9b86884e9e0cb3e4a7a01df4dea7913f85ea7fb786bbe"
  name = "github.com/satori/go.uuid"
  packages = ["."]
  pruneopts = "UT"
  revision = "879c5887cd475cd7864858769793b2ceb0d44feb"
  version = "v1.1.0"

[[projects]]
  digest = "1:8ff03ccc603abb0d7cce94d34b613f5f6251a9e1931eba1a3f9888a9029b055c"
  name = "github.com/stretchr/testify"
  packages = [
    "assert",
    "require",
    "suite",
  ]
  pruneopts = "UT"
  revision = "ffdc059bfe9ce6a4e144ba849dbedead332c6053"
  version = "v1.3.0"

[[projects]]
  digest = "1:e3733afc8ac60ce5c68815d30c4a4891eb953ccf7c4683c4a99b268da4924024"
  name = "github.com/tuvistavie/structomap"
  packages = ["."]
  pruneopts = "UT"
  revision = "ec9dcde3bf47bb40148a8d65c61d1cb98cb98441"
  version = "0.6.1"

[[projects]]
  digest = "1:65946d7902d5aa57acdf6c3771c1de1ecd23f0dc32536849cfa28bd95a4400a5"
  name = "github.com/ugorji/go"
  packages = ["codec"]
  pruneopts = "UT"
  revision = "8c0409fcbb70099c748d71f714529204975f6c3f"

[[projects]]
  digest = "1:85b62e63f8afa600b67a591be9152c6479ce4f796ba77d91bcb0b9132265cb24"
  name = "github.com/weppos/publicsuffix-go"
  packages = ["publicsuffix"]
  pruneopts = "UT"
  revision = "386050f8211b04c965721c3591e7d96650a1ea86"
  version = "v0.4.0"

[[projects]]
  branch = "master"
  digest = "1:100a36e16f77aaad7c9144ab26bcefb92c5b6ebed5b137f935fdc11f541fa5b8"
  name = "golang.org/x/crypto"
  packages = ["md4"]
  pruneopts = "UT"
  revision = "20be4c3c3ed52bfccdb2d59a412ee1a936d175a7"

[[projects]]
  digest = "1:59b7b40faba48bd9ac51d29d72283a456124f9967b1a5f7f25e066d935aa85e2"
  name = "golang.org/x/net"
  packages = [
    "idna",
    "proxy",
    "websocket",
  ]
  pruneopts = "UT"
  revision = "2fb46b16b8dda405028c50f7c7f0f9dd1fa6bfb1"

[[projects]]
  branch = "master"
  digest = "1:b521f10a2d8fa85c04a8ef4e62f2d1e14d303599a55d64dabf9f5a02f84d35eb"
  name = "golang.org/x/sync"
  packages = ["errgroup"]
  pruneopts = "UT"
  revision = "112230192c580c3556b8cee6403af37a4fc5f28c"

[[projects]]
  digest = "1:0ceb40f962f89d6a2fc40fa26ae90143b3d23ceeebc2d9d87618f0bb90a7ed3d"
  name = "golang.org/x/sys"
  packages = ["unix"]
  pruneopts = "UT"
  revision = "a5054c7c1385fd50d9394475365355a87a7873ec"

[[projects]]
  digest = "1:a2ab62866c75542dd18d2b069fec854577a20211d7c0ea6ae746072a1dccdd18"
  name = "golang.org/x/text"
  packages = [
    "collate",
    "collate/build",
    "internal/colltab",
    "internal/gen",
    "internal/tag",
    "internal/triegen",
    "internal/ucd",
    "language",
    "secure/bidirule",
    "transform",
    "unicode/bidi",
    "unicode/cldr",
    "unicode/norm",
    "unicode/rangetable",
  ]
  pruneopts = "UT"
  revision = "e19ae1496984b1c655b8044a65c0300a3c878dd3"

[[projects]]
  branch = "master"
  digest = "1:c7124d0b66f3fa1a567baca91995a360e46e48a9265cee721ae27604f0cc904b"
  name = "golang.org/x/tools"
  packages = [
    "cmd/guru/serial",
    "go/analysis",
    "go/analysis/analysistest",
    "go/analysis/internal/analysisflags",
    "go/analysis/internal/checker",
    "go/analysis/internal/facts",
    "go/analysis/multichecker",
    "go/analysis/passes/asmdecl",
    "go/analysis/passes/assign",
    "go/analysis/passes/atomic",
    "go/analysis/passes/atomicalign",
    "go/analysis/passes/bools",
    "go/analysis/passes/buildssa",
    "go/analysis/passes/buildtag",
    "go/analysis/passes/cgocall",
    "go/analysis/passes/composite",
    "go/analysis/passes/copylock",
    "go/analysis/passes/ctrlflow",
    "go/analysis/passes/deepequalerrors",
    "go/analysis/passes/errorsas",
    "go/analysis/passes/findcall",
    "go/analysis/passes/httpresponse",
    "go/analysis/passes/inspect",
    "go/analysis/passes/internal/analysisutil",
    "go/analysis/passes/loopclosure",
    "go/analysis/passes/lostcancel",
    "go/analysis/passes/nilfunc",
    "go/analysis/passes/nilness",
    "go/analysis/passes/pkgfact",
    "go/analysis/passes/printf",
    "go/analysis/passes/shadow",
    "go/analysis/passes/shift",
    "go/analysis/passes/stdmethods",
    "go/analysis/passes/structtag",
    "go/analysis/passes/tests",
    "go/analysis/passes/unmarshal",
    "go/analysis/passes/unreachable",
    "go/analysis/passes/unsafeptr",
    "go/analysis/passes/unusedresult",
    "go/analysis/singlechecker",
    "go/analysis/unitchecker",
    "go/ast/astutil",
    "go/ast/inspector",
    "go/buildutil",
    "go/cfg",
    "go/expect",
    "go/gccgoexportdata",
    "go/gcexportdata",
    "go/internal/cgo",
    "go/internal/gccgoimporter",
    "go/internal/gcimporter",
    "go/internal/packagesdriver",
    "go/loader",
    "go/packages",
    "go/packages/packagestest",
    "go/ssa",
    "go/types/objectpath",
    "go/types/typeutil",
    "godoc/golangorgenv",
    "godoc/static",
    "imports",
    "internal/fastwalk",
    "internal/gopathwalk",
    "internal/imports",
    "internal/jsonrpc2",
    "internal/lsp",
    "internal/lsp/browser",
    "internal/lsp/cache",
    "internal/lsp/cmd",
    "internal/lsp/debug",
    "internal/lsp/diff",
    "internal/lsp/protocol",
    "internal/lsp/snippet",
    "internal/lsp/source",
    "internal/lsp/tests",
    "internal/lsp/xlog",
    "internal/module",
    "internal/semver",
    "internal/span",
    "internal/tool",
    "internal/txtar",
    "playground",
    "playground/socket",
    "present",
    "refactor/importgraph",
    "refactor/rename",
    "refactor/satisfy",
  ]
  pruneopts = "UT"
  revision = "12d73424210d5399ae74d7e94f5c464d70d02406"

[[projects]]
  digest = "1:c25289f43ac4a68d88b02245742347c94f1e108c534dda442188015ff80669b3"
  name = "google.golang.org/appengine"
  packages = ["cloudsql"]
  pruneopts = "UT"
  revision = "5bee14b453b4c71be47ec1781b0fa61c2ea182db"

[[projects]]
  digest = "1:c84a587136cb69cecc11f3dbe9f9001444044c0dba74997b07f7e4c150b07cda"
  name = "gopkg.in/DATA-DOG/go-sqlmock.v1"
  packages = ["."]
  pruneopts = "UT"
  revision = "3f9954f6f6697845b082ca57995849ddf614f450"
  version = "v1.3.3"

[[projects]]
  branch = "v1"
  digest = "1:af715ae33cc1f5695c4b2a4e4b21d008add8802a99e15bb467ac7c32edb5000d"
  name = "gopkg.in/check.v1"
  packages = ["."]
  pruneopts = "UT"
  revision = "788fd78401277ebd861206a03c884797c6ec5541"

[[projects]]
  digest = "1:cbc72c4c4886a918d6ab4b95e347ffe259846260f99ebdd8a198c2331cf2b2e9"
  name = "gopkg.in/go-playground/validator.v8"
  packages = ["."]
  pruneopts = "UT"
  revision = "5f1438d3fca68893a817e4a66806cea46a9e4ebf"
  version = "v8.18.2"

[[projects]]
  digest = "1:2c2e9d874c100424d18d6d1cc4bf9f52b3bb97944c462ca05cef5d60b96da55f"
  name = "gopkg.in/gormigrate.v1"
  packages = ["."]
  pruneopts = "UT"
  revision = "21b0b93e8253d575d9185974835423f98d30158d"
  version = "v1.2.0"

[[projects]]
  digest = "1:6570992c02a2137a20be83990a979b6fe892e20ecdc6b756449989b2a7efb8ae"
  name = "gopkg.in/yaml.v2"
  packages = ["."]
  pruneopts = "UT"
  revision = "eb3733d160e74a9c7e442f435eb3bea458e1d19f"

[solve-meta]
  analyzer-name = "dep"
  analyzer-version = 1
  input-imports = [
    "github.com/denisenkom/go-mssqldb",
    "github.com/dgrijalva/jwt-go",
    "github.com/erikstmartin/go-testdb",
    "github.com/gin-gonic/gin",
    "github.com/gin-gonic/gin/binding",
    "github.com/go-redis/redis",
    "github.com/go-sql-driver/mysql",
    "github.com/golang/glog",
    "github.com/jinzhu/gorm",
    "github.com/jinzhu/gorm/dialects/mssql",
    "github.com/jinzhu/gorm/dialects/mysql",
    "github.com/jinzhu/gorm/dialects/postgres",
    "github.com/jinzhu/gorm/dialects/sqlite",
    "github.com/jinzhu/inflection",
    "github.com/jinzhu/now",
    "github.com/jirfag/go-queryset/internal/parser",
    "github.com/jirfag/go-queryset/internal/queryset/field",
    "github.com/jirfag/go-queryset/internal/queryset/generator",
    "github.com/jirfag/go-queryset/internal/queryset/generator/test",
    "github.com/jirfag/go-queryset/internal/queryset/generator/test/pkgimport/forex/v1",
    "github.com/jirfag/go-queryset/internal/queryset/generator/tmp",
    "github.com/jirfag/go-queryset/internal/queryset/methods",
    "github.com/lib/pq",
    "github.com/lib/pq/hstore",
    "github.com/mattn/go-sqlite3",
    "github.com/mitchellh/mapstructure",
    "github.com/moul/http2curl",
    "github.com/pkg/errors",
    "github.com/robfig/cron",
    "github.com/satori/go.uuid",
    "github.com/stretchr/testify/assert",
    "github.com/stretchr/testify/require",
    "github.com/stretchr/testify/suite",
    "github.com/tuvistavie/structomap",
    "github.com/weppos/publicsuffix-go/publicsuffix",
    "golang.org/x/net/proxy",
    "golang.org/x/sync/errgroup",
    "golang.org/x/tools/cmd/guru/serial",
    "golang.org/x/tools/go/analysis",
    "golang.org/x/tools/go/analysis/analysistest",
    "golang.org/x/tools/go/analysis/internal/analysisflags",
    "golang.org/x/tools/go/analysis/internal/checker",
    "golang.org/x/tools/go/analysis/internal/facts",
    "golang.org/x/tools/go/analysis/multichecker",
    "golang.org/x/tools/go/analysis/passes/asmdecl",
    "golang.org/x/tools/go/analysis/passes/assign",
    "golang.org/x/tools/go/analysis/passes/atomic",
    "golang.org/x/tools/go/analysis/passes/atomicalign",
    "golang.org/x/tools/go/analysis/passes/bools",
    "golang.org/x/tools/go/analysis/passes/buildssa",
    "golang.org/x/tools/go/analysis/passes/buildtag",
    "golang.org/x/tools/go/analysis/passes/cgocall",
    "golang.org/x/tools/go/analysis/passes/composite",
    "golang.org/x/tools/go/analysis/passes/copylock",
    "golang.org/x/tools/go/analysis/passes/ctrlflow",
    "golang.org/x/tools/go/analysis/passes/deepequalerrors",
    "golang.org/x/tools/go/analysis/passes/errorsas",
    "golang.org/x/tools/go/analysis/passes/findcall",
    "golang.org/x/tools/go/analysis/passes/httpresponse",
    "golang.org/x/tools/go/analysis/passes/inspect",
    "golang.org/x/tools/go/analysis/passes/internal/analysisutil",
    "golang.org/x/tools/go/analysis/passes/loopclosure",
    "golang.org/x/tools/go/analysis/passes/lostcancel",
    "golang.org/x/tools/go/analysis/passes/nilfunc",
    "golang.org/x/tools/go/analysis/passes/nilness",
    "golang.org/x/tools/go/analysis/passes/pkgfact",
    "golang.org/x/tools/go/analysis/passes/printf",
    "golang.org/x/tools/go/analysis/passes/shadow",
    "golang.org/x/tools/go/analysis/passes/shift",
    "golang.org/x/tools/go/analysis/passes/stdmethods",
    "golang.org/x/tools/go/analysis/passes/structtag",
    "golang.org/x/tools/go/analysis/passes/tests",
    "golang.org/x/tools/go/analysis/passes/unmarshal",
    "golang.org/x/tools/go/analysis/passes/unreachable",
    "golang.org/x/tools/go/analysis/passes/unsafeptr",
    "golang.org/x/tools/go/analysis/passes/unusedresult",
    "golang.org/x/tools/go/analysis/singlechecker",
    "golang.org/x/tools/go/analysis/unitchecker",
    "golang.org/x/tools/go/ast/astutil",
    "golang.org/x/tools/go/ast/inspector",
    "golang.org/x/tools/go/buildutil",
    "golang.org/x/tools/go/cfg",
    "golang.org/x/tools/go/expect",
    "golang.org/x/tools/go/gccgoexportdata",
    "golang.org/x/tools/go/gcexportdata",
    "golang.org/x/tools/go/internal/cgo",
    "golang.org/x/tools/go/internal/gccgoimporter",
    "golang.org/x/tools/go/loader",
    "golang.org/x/tools/go/packages",
    "golang.org/x/tools/go/packages/packagestest",
    "golang.org/x/tools/go/ssa",
    "golang.org/x/tools/go/types/objectpath",
    "golang.org/x/tools/go/types/typeutil",
    "golang.org/x/tools/godoc/static",
    "golang.org/x/tools/imports",
    "golang.org/x/tools/internal/fastwalk",
    "golang.org/x/tools/internal/gopathwalk",
    "golang.org/x/tools/internal/jsonrpc2",
    "golang.org/x/tools/internal/lsp",
    "golang.org/x/tools/internal/lsp/browser",
    "golang.org/x/tools/internal/lsp/cache",
    "golang.org/x/tools/internal/lsp/cmd",
    "golang.org/x/tools/internal/lsp/debug",
    "golang.org/x/tools/internal/lsp/diff",
    "golang.org/x/tools/internal/lsp/protocol",
    "golang.org/x/tools/internal/lsp/snippet",
    "golang.org/x/tools/internal/lsp/source",
    "golang.org/x/tools/internal/lsp/tests",
    "golang.org/x/tools/internal/lsp/xlog",
    "golang.org/x/tools/internal/module",
    "golang.org/x/tools/internal/semver",
    "golang.org/x/tools/internal/span",
    "golang.org/x/tools/internal/tool",
    "golang.org/x/tools/internal/txtar",
    "golang.org/x/tools/playground",
    "golang.org/x/tools/playground/socket",
    "golang.org/x/tools/present",
    "golang.org/x/tools/refactor/rename",
    "gopkg.in/DATA-DOG/go-sqlmock.v1",
    "gopkg.in/check.v1",
    "gopkg.in/go-playground/validator.v8",
    "gopkg.in/gormigrate.v1",
    "gopkg.in/yaml.v2",
  ]
  solver-name = "gps-cdcl"
  solver-version = 1
